
Microsoft Visual Studio Solution File, Format Version 12.00
# Visual Studio Version 17
VisualStudioVersion = 17.14.36301.6 d17.14
MinimumVisualStudioVersion = 10.0.40219.1
Project("{8BC9CEB8-8B4A-11D0-8D11-00A0C91BC942}") = "комп сети 5 лаба сервер", "комп сети 5 лаба сервер\комп сети 5 лаба сервер.vcxproj", "{152B2338-11DE-4749-A77D-36DF77DA8EEC}"
EndProject
Global
	GlobalSection(SolutionConfigurationPlatforms) = preSolution
		Debug|x64 = Debug|x64
		Debug|x86 = Debug|x86
		Release|x64 = Release|x64
		Release|x86 = Release|x86
	EndGlobalSection
	GlobalSection(ProjectConfigurationPlatforms) = postSolution
		{152B2338-11DE-4749-A77D-36DF77DA8EEC}.Debug|x64.ActiveCfg = Debug|x64
		{152B2338-11DE-4749-A77D-36DF77DA8EEC}.Debug|x64.Build.0 = Debug|x64
		{152B2338-11DE-4749-A77D-36DF77DA8EEC}.Debug|x86.ActiveCfg = Debug|Win32
		{152B2338-11DE-4749-A77D-36DF77DA8EEC}.Debug|x86.Build.0 = Debug|Win32
		{152B2338-11DE-4749-A77D-36DF77DA8EEC}.Release|x64.ActiveCfg = Release|x64
		{152B2338-11DE-4749-A77D-36DF77DA8EEC}.Release|x64.Build.0 = Release|x64
		{152B2338-11DE-4749-A77D-36DF77DA8EEC}.Release|x86.ActiveCfg = Release|Win32
		{152B2338-11DE-4749-A77D-36DF77DA8EEC}.Release|x86.Build.0 = Release|Win32
	EndGlobalSection
	GlobalSection(SolutionProperties) = preSolution
		HideSolutionNode = FALSE
	EndGlobalSection
	GlobalSection(ExtensibilityGlobals) = postSolution
		SolutionGuid = {E9582411-A8FC-4418-83FC-CDEE3641D2CE}
	EndGlobalSection
EndGlobal
